
Microsoft Visual Studio Solution File, Format Version 12.00
# Visual Studio Version 16
VisualStudioVersion = 16.0.33423.256
MinimumVisualStudioVersion = 10.0.40219.1
Project("{FAE04EC0-301F-11D3-BF4B-00C04F79EFBC}") = "Murdianto.Todo.WebAPI", "Murdianto.Todo.WebAPI\Murdianto.Todo.WebAPI.csproj", "{EAEE12D5-86E9-4414-B10A-5FE63D265200}"
EndProject
Global
	GlobalSection(SolutionConfigurationPlatforms) = preSolution
		Debug|Any CPU = Debug|Any CPU
		Release|Any CPU = Release|Any CPU
	EndGlobalSection
	GlobalSection(ProjectConfigurationPlatforms) = postSolution
		{EAEE12D5-86E9-4414-B10A-5FE63D265200}.Debug|Any CPU.ActiveCfg = Debug|Any CPU
		{EAEE12D5-86E9-4414-B10A-5FE63D265200}.Debug|Any CPU.Build.0 = Debug|Any CPU
		{EAEE12D5-86E9-4414-B10A-5FE63D265200}.Release|Any CPU.ActiveCfg = Release|Any CPU
		{EAEE12D5-86E9-4414-B10A-5FE63D265200}.Release|Any CPU.Build.0 = Release|Any CPU
	EndGlobalSection
	GlobalSection(SolutionProperties) = preSolution
		HideSolutionNode = FALSE
	EndGlobalSection
	GlobalSection(ExtensibilityGlobals) = postSolution
		SolutionGuid = {510D64C5-BE1A-4AB3-A18B-792DCC4C45DD}
	EndGlobalSection
EndGlobal
